
Microsoft Visual Studio Solution File, Format Version 12.00
# Visual Studio Version 16
VisualStudioVersion = 16.0.30128.74
MinimumVisualStudioVersion = 10.0.40219.1
Project("{FAE04EC0-301F-11D3-BF4B-00C04F79EFBC}") = "Массивы 17.07 №1", "Массивы 17.07 №1\Массивы 17.07 №1.csproj", "{0E0FB226-09D9-4E29-A6F3-8F6D7C347C61}"
EndProject
Global
	GlobalSection(SolutionConfigurationPlatforms) = preSolution
		Debug|Any CPU = Debug|Any CPU
		Release|Any CPU = Release|Any CPU
	EndGlobalSection
	GlobalSection(ProjectConfigurationPlatforms) = postSolution
		{0E0FB226-09D9-4E29-A6F3-8F6D7C347C61}.Debug|Any CPU.ActiveCfg = Debug|Any CPU
		{0E0FB226-09D9-4E29-A6F3-8F6D7C347C61}.Debug|Any CPU.Build.0 = Debug|Any CPU
		{0E0FB226-09D9-4E29-A6F3-8F6D7C347C61}.Release|Any CPU.ActiveCfg = Release|Any CPU
		{0E0FB226-09D9-4E29-A6F3-8F6D7C347C61}.Release|Any CPU.Build.0 = Release|Any CPU
	EndGlobalSection
	GlobalSection(SolutionProperties) = preSolution
		HideSolutionNode = FALSE
	EndGlobalSection
	GlobalSection(ExtensibilityGlobals) = postSolution
		SolutionGuid = {8DA8AD62-F010-4310-AADA-B4ECEC8D549A}
	EndGlobalSection
EndGlobal
